
Microsoft Visual Studio Solution File, Format Version 12.00
# Visual Studio 15
VisualStudioVersion = 15.0.27004.2009
MinimumVisualStudioVersion = 10.0.40219.1
Project("{FAE04EC0-301F-11D3-BF4B-00C04F79EFBC}") = "WingtipToys", "WingtipToys\WingtipToys.csproj", "{687A71D9-C182-40D9-8601-ADDF2DE0950C}"
EndProject
Global
	GlobalSection(SolutionConfigurationPlatforms) = preSolution
		Debug|Any CPU = Debug|Any CPU
		Release|Any CPU = Release|Any CPU
	EndGlobalSection
	GlobalSection(ProjectConfigurationPlatforms) = postSolution
		{687A71D9-C182-40D9-8601-ADDF2DE0950C}.Debug|Any CPU.ActiveCfg = Debug|Any CPU
		{687A71D9-C182-40D9-8601-ADDF2DE0950C}.Debug|Any CPU.Build.0 = Debug|Any CPU
		{687A71D9-C182-40D9-8601-ADDF2DE0950C}.Release|Any CPU.ActiveCfg = Release|Any CPU
		{687A71D9-C182-40D9-8601-ADDF2DE0950C}.Release|Any CPU.Build.0 = Release|Any CPU
	EndGlobalSection
	GlobalSection(SolutionProperties) = preSolution
		HideSolutionNode = FALSE
	EndGlobalSection
	GlobalSection(ExtensibilityGlobals) = postSolution
		SolutionGuid = {F6957003-C90A-4590-A0A0-19B53DE3BF21}
	EndGlobalSection
EndGlobal
